
Microsoft Visual Studio Solution File, Format Version 12.00
# Visual Studio 14
VisualStudioVersion = 14.0.25420.1
MinimumVisualStudioVersion = 10.0.40219.1
Project("{2150E333-8FDC-42A3-9474-1A3956D46DE8}") = "Singleton", "Singleton", "{F0685FCF-0EC0-4908-B342-D00B76C6311E}"
EndProject
Project("{FAE04EC0-301F-11D3-BF4B-00C04F79EFBC}") = "SingletonExample", "SingletonExample\SingletonExample.csproj", "{3903F793-1E86-4685-A38F-47EE1439B1AB}"
EndProject
Project("{2150E333-8FDC-42A3-9474-1A3956D46DE8}") = "Adapter", "Adapter", "{C1942EE0-0C75-4380-9B68-596E0A474F68}"
EndProject
Project("{FAE04EC0-301F-11D3-BF4B-00C04F79EFBC}") = "AdapterExample", "AdapterExample\AdapterExample.csproj", "{59F6EC55-20AA-4BC9-B4E6-7312E1471D7D}"
EndProject
Project("{2150E333-8FDC-42A3-9474-1A3956D46DE8}") = "Strategy", "Strategy", "{6CBCA219-E737-4ACF-884D-98CE16808EF3}"
EndProject
Project("{FAE04EC0-301F-11D3-BF4B-00C04F79EFBC}") = "StrategyExample", "StrategyExample\StrategyExample.csproj", "{CFD134CB-6F1C-4C1E-B374-0F2AA7D6191A}"
EndProject
Project("{2150E333-8FDC-42A3-9474-1A3956D46DE8}") = "Facade", "Facade", "{1867B644-0291-4675-9E33-3C7F1FDE296E}"
EndProject
Project("{FAE04EC0-301F-11D3-BF4B-00C04F79EFBC}") = "FacadeExample", "FacadeExample\FacadeExample.csproj", "{214443F4-2341-4603-AD90-8ACB52FEEA5A}"
EndProject
Project("{FAE04EC0-301F-11D3-BF4B-00C04F79EFBC}") = "Library1", "Library1\Library1.csproj", "{006242E6-CB9B-4970-8FE1-B23CE9A824E9}"
EndProject
Project("{FAE04EC0-301F-11D3-BF4B-00C04F79EFBC}") = "Library2", "Library2\Library2.csproj", "{29362C4E-6DE8-4EC0-8AC9-74446A499920}"
EndProject
Project("{FAE04EC0-301F-11D3-BF4B-00C04F79EFBC}") = "Library3", "Library3\Library3.csproj", "{1EDF18FA-7A74-4782-AE6D-D03145BB2B24}"
EndProject
Project("{2150E333-8FDC-42A3-9474-1A3956D46DE8}") = "DI", "DI", "{547D8791-D14F-4644-BD8C-81F58A1696E1}"
EndProject
Project("{FAE04EC0-301F-11D3-BF4B-00C04F79EFBC}") = "DIExample", "DIExample\DIExample.csproj", "{691AE0F5-231E-40AD-B689-C7D3C3424C5E}"
EndProject
Global
	GlobalSection(SolutionConfigurationPlatforms) = preSolution
		Debug|Any CPU = Debug|Any CPU
		Release|Any CPU = Release|Any CPU
	EndGlobalSection
	GlobalSection(ProjectConfigurationPlatforms) = postSolution
		{3903F793-1E86-4685-A38F-47EE1439B1AB}.Debug|Any CPU.ActiveCfg = Debug|Any CPU
		{3903F793-1E86-4685-A38F-47EE1439B1AB}.Debug|Any CPU.Build.0 = Debug|Any CPU
		{3903F793-1E86-4685-A38F-47EE1439B1AB}.Release|Any CPU.ActiveCfg = Release|Any CPU
		{3903F793-1E86-4685-A38F-47EE1439B1AB}.Release|Any CPU.Build.0 = Release|Any CPU
		{59F6EC55-20AA-4BC9-B4E6-7312E1471D7D}.Debug|Any CPU.ActiveCfg = Debug|Any CPU
		{59F6EC55-20AA-4BC9-B4E6-7312E1471D7D}.Debug|Any CPU.Build.0 = Debug|Any CPU
		{59F6EC55-20AA-4BC9-B4E6-7312E1471D7D}.Release|Any CPU.ActiveCfg = Release|Any CPU
		{59F6EC55-20AA-4BC9-B4E6-7312E1471D7D}.Release|Any CPU.Build.0 = Release|Any CPU
		{CFD134CB-6F1C-4C1E-B374-0F2AA7D6191A}.Debug|Any CPU.ActiveCfg = Debug|Any CPU
		{CFD134CB-6F1C-4C1E-B374-0F2AA7D6191A}.Debug|Any CPU.Build.0 = Debug|Any CPU
		{CFD134CB-6F1C-4C1E-B374-0F2AA7D6191A}.Release|Any CPU.ActiveCfg = Release|Any CPU
		{CFD134CB-6F1C-4C1E-B374-0F2AA7D6191A}.Release|Any CPU.Build.0 = Release|Any CPU
		{214443F4-2341-4603-AD90-8ACB52FEEA5A}.Debug|Any CPU.ActiveCfg = Debug|Any CPU
		{214443F4-2341-4603-AD90-8ACB52FEEA5A}.Debug|Any CPU.Build.0 = Debug|Any CPU
		{214443F4-2341-4603-AD90-8ACB52FEEA5A}.Release|Any CPU.ActiveCfg = Release|Any CPU
		{214443F4-2341-4603-AD90-8ACB52FEEA5A}.Release|Any CPU.Build.0 = Release|Any CPU
		{006242E6-CB9B-4970-8FE1-B23CE9A824E9}.Debug|Any CPU.ActiveCfg = Debug|Any CPU
		{006242E6-CB9B-4970-8FE1-B23CE9A824E9}.Debug|Any CPU.Build.0 = Debug|Any CPU
		{006242E6-CB9B-4970-8FE1-B23CE9A824E9}.Release|Any CPU.ActiveCfg = Release|Any CPU
		{006242E6-CB9B-4970-8FE1-B23CE9A824E9}.Release|Any CPU.Build.0 = Release|Any CPU
		{29362C4E-6DE8-4EC0-8AC9-74446A499920}.Debug|Any CPU.ActiveCfg = Debug|Any CPU
		{29362C4E-6DE8-4EC0-8AC9-74446A499920}.Debug|Any CPU.Build.0 = Debug|Any CPU
		{29362C4E-6DE8-4EC0-8AC9-74446A499920}.Release|Any CPU.ActiveCfg = Release|Any CPU
		{29362C4E-6DE8-4EC0-8AC9-74446A499920}.Release|Any CPU.Build.0 = Release|Any CPU
		{1EDF18FA-7A74-4782-AE6D-D03145BB2B24}.Debug|Any CPU.ActiveCfg = Debug|Any CPU
		{1EDF18FA-7A74-4782-AE6D-D03145BB2B24}.Debug|Any CPU.Build.0 = Debug|Any CPU
		{1EDF18FA-7A74-4782-AE6D-D03145BB2B24}.Release|Any CPU.ActiveCfg = Release|Any CPU
		{1EDF18FA-7A74-4782-AE6D-D03145BB2B24}.Release|Any CPU.Build.0 = Release|Any CPU
		{691AE0F5-231E-40AD-B689-C7D3C3424C5E}.Debug|Any CPU.ActiveCfg = Debug|Any CPU
		{691AE0F5-231E-40AD-B689-C7D3C3424C5E}.Debug|Any CPU.Build.0 = Debug|Any CPU
		{691AE0F5-231E-40AD-B689-C7D3C3424C5E}.Release|Any CPU.ActiveCfg = Release|Any CPU
		{691AE0F5-231E-40AD-B689-C7D3C3424C5E}.Release|Any CPU.Build.0 = Release|Any CPU
	EndGlobalSection
	GlobalSection(SolutionProperties) = preSolution
		HideSolutionNode = FALSE
	EndGlobalSection
	GlobalSection(NestedProjects) = preSolution
		{3903F793-1E86-4685-A38F-47EE1439B1AB} = {F0685FCF-0EC0-4908-B342-D00B76C6311E}
		{59F6EC55-20AA-4BC9-B4E6-7312E1471D7D} = {C1942EE0-0C75-4380-9B68-596E0A474F68}
		{CFD134CB-6F1C-4C1E-B374-0F2AA7D6191A} = {6CBCA219-E737-4ACF-884D-98CE16808EF3}
		{214443F4-2341-4603-AD90-8ACB52FEEA5A} = {1867B644-0291-4675-9E33-3C7F1FDE296E}
		{006242E6-CB9B-4970-8FE1-B23CE9A824E9} = {1867B644-0291-4675-9E33-3C7F1FDE296E}
		{29362C4E-6DE8-4EC0-8AC9-74446A499920} = {1867B644-0291-4675-9E33-3C7F1FDE296E}
		{1EDF18FA-7A74-4782-AE6D-D03145BB2B24} = {1867B644-0291-4675-9E33-3C7F1FDE296E}
		{691AE0F5-231E-40AD-B689-C7D3C3424C5E} = {547D8791-D14F-4644-BD8C-81F58A1696E1}
	EndGlobalSection
EndGlobal
